
Microsoft Visual Studio Solution File, Format Version 12.00
# Visual Studio Version 17
VisualStudioVersion = 17.6.33829.357
MinimumVisualStudioVersion = 10.0.40219.1
Project("{FAE04EC0-301F-11D3-BF4B-00C04F79EFBC}") = "Article-Net7-Pub-Sub-Rabbitmq", "Article-Net7-Pub-Sub-Rabbitmq\Article-Net7-Pub-Sub-Rabbitmq.csproj", "{60FCB524-65D9-4F31-A362-EEB29CD82D8E}"
EndProject
Global
	GlobalSection(SolutionConfigurationPlatforms) = preSolution
		Debug|Any CPU = Debug|Any CPU
		Release|Any CPU = Release|Any CPU
	EndGlobalSection
	GlobalSection(ProjectConfigurationPlatforms) = postSolution
		{60FCB524-65D9-4F31-A362-EEB29CD82D8E}.Debug|Any CPU.ActiveCfg = Debug|Any CPU
		{60FCB524-65D9-4F31-A362-EEB29CD82D8E}.Debug|Any CPU.Build.0 = Debug|Any CPU
		{60FCB524-65D9-4F31-A362-EEB29CD82D8E}.Release|Any CPU.ActiveCfg = Release|Any CPU
		{60FCB524-65D9-4F31-A362-EEB29CD82D8E}.Release|Any CPU.Build.0 = Release|Any CPU
	EndGlobalSection
	GlobalSection(SolutionProperties) = preSolution
		HideSolutionNode = FALSE
	EndGlobalSection
	GlobalSection(ExtensibilityGlobals) = postSolution
		SolutionGuid = {B356AF37-D483-4946-9036-F0186C22322D}
	EndGlobalSection
EndGlobal
